// !$*UTF8*$!
{
	archiveVersion = 1;
	classes = {
	};
	objectVersion = 50;
	objects = {

/* Begin PBXBuildFile section */
		9B7BD77322B453E8004BFD85 /* main.swift in Sources */ = {isa = PBXBuildFile; fileRef = 9B7BD77222B453E8004BFD85 /* main.swift */; };
		9B7BD77B22B454F4004BFD85 /* Users.json in CopyFiles */ = {isa = PBXBuildFile; fileRef = 9B7BD77922B45465004BFD85 /* Users.json */; };
		9B7BD78022B45C0F004BFD85 /* geo.swift in Sources */ = {isa = PBXBuildFile; fileRef = 9B7BD77F22B45C0F004BFD85 /* geo.swift */; };
		9B7BD78222B45C96004BFD85 /* Address.swift in Sources */ = {isa = PBXBuildFile; fileRef = 9B7BD78122B45C96004BFD85 /* Address.swift */; };
		9B7BD78422B45D2F004BFD85 /* User.swift in Sources */ = {isa = PBXBuildFile; fileRef = 9B7BD78322B45D2F004BFD85 /* User.swift */; };
		9B7BD78622B45E54004BFD85 /* Company.swift in Sources */ = {isa = PBXBuildFile; fileRef = 9B7BD78522B45E54004BFD85 /* Company.swift */; };
/* End PBXBuildFile section */

/* Begin PBXCopyFilesBuildPhase section */
		9B7BD76D22B453E8004BFD85 /* CopyFiles */ = {
			isa = PBXCopyFilesBuildPhase;
			buildActionMask = 2147483647;
			dstPath = /usr/share/man/man1/;
			dstSubfolderSpec = 0;
			files = (
			);
			runOnlyForDeploymentPostprocessing = 1;
		};
		9B7BD77A22B454D4004BFD85 /* CopyFiles */ = {
			isa = PBXCopyFilesBuildPhase;
			buildActionMask = 2147483647;
			dstPath = "";
			dstSubfolderSpec = 7;
			files = (
				9B7BD77B22B454F4004BFD85 /* Users.json in CopyFiles */,
			);
			runOnlyForDeploymentPostprocessing = 0;
		};
/* End PBXCopyFilesBuildPhase section */

/* Begin PBXFileReference section */
		9B7BD76F22B453E8004BFD85 /* Day14JuneReadingJsonFiles */ = {isa = PBXFileReference; explicitFileType = "compiled.mach-o.executable"; includeInIndex = 0; path = Day14JuneReadingJsonFiles; sourceTree = BUILT_PRODUCTS_DIR; };
		9B7BD77222B453E8004BFD85 /* main.swift */ = {isa = PBXFileReference; lastKnownFileType = sourcecode.swift; path = main.swift; sourceTree = "<group>"; };
		9B7BD77922B45465004BFD85 /* Users.json */ = {isa = PBXFileReference; lastKnownFileType = text.json; path = Users.json; sourceTree = "<group>"; };
		9B7BD77F22B45C0F004BFD85 /* geo.swift */ = {isa = PBXFileReference; lastKnownFileType = sourcecode.swift; path = geo.swift; sourceTree = "<group>"; };
		9B7BD78122B45C96004BFD85 /* Address.swift */ = {isa = PBXFileReference; lastKnownFileType = sourcecode.swift; path = Address.swift; sourceTree = "<group>"; };
		9B7BD78322B45D2F004BFD85 /* User.swift */ = {isa = PBXFileReference; lastKnownFileType = sourcecode.swift; path = User.swift; sourceTree = "<group>"; };
		9B7BD78522B45E54004BFD85 /* Company.swift */ = {isa = PBXFileReference; lastKnownFileType = sourcecode.swift; path = Company.swift; sourceTree = "<group>"; };
/* End PBXFileReference section */

/* Begin PBXFrameworksBuildPhase section */
		9B7BD76C22B453E8004BFD85 /* Frameworks */ = {
			isa = PBXFrameworksBuildPhase;
			buildActionMask = 2147483647;
			files = (
			);
			runOnlyForDeploymentPostprocessing = 0;
		};
/* End PBXFrameworksBuildPhase section */

/* Begin PBXGroup section */
		9B7BD76622B453E8004BFD85 = {
			isa = PBXGroup;
			children = (
				9B7BD77122B453E8004BFD85 /* Day14JuneReadingJsonFiles */,
				9B7BD77022B453E8004BFD85 /* Products */,
			);
			sourceTree = "<group>";
		};
		9B7BD77022B453E8004BFD85 /* Products */ = {
			isa = PBXGroup;
			children = (
				9B7BD76F22B453E8004BFD85 /* Day14JuneReadingJsonFiles */,
			);
			name = Products;
			sourceTree = "<group>";
		};
		9B7BD77122B453E8004BFD85 /* Day14JuneReadingJsonFiles */ = {
			isa = PBXGroup;
			children = (
				9B7BD77E22B45BEF004BFD85 /* Models */,
				9B7BD77222B453E8004BFD85 /* main.swift */,
				9B7BD77922B45465004BFD85 /* Users.json */,
			);
			path = Day14JuneReadingJsonFiles;
			sourceTree = "<group>";
		};
		9B7BD77E22B45BEF004BFD85 /* Models */ = {
			isa = PBXGroup;
			children = (
				9B7BD77F22B45C0F004BFD85 /* geo.swift */,
				9B7BD78122B45C96004BFD85 /* Address.swift */,
				9B7BD78322B45D2F004BFD85 /* User.swift */,
				9B7BD78522B45E54004BFD85 /* Company.swift */,
			);
			path = Models;
			sourceTree = "<group>";
		};
/* End PBXGroup section */

/* Begin PBXNativeTarget section */
		9B7BD76E22B453E8004BFD85 /* Day14JuneReadingJsonFiles */ = {
			isa = PBXNativeTarget;
			buildConfigurationList = 9B7BD77622B453E8004BFD85 /* Build configuration list for PBXNativeTarget "Day14JuneReadingJsonFiles" */;
			buildPhases = (
				9B7BD76B22B453E8004BFD85 /* Sources */,
				9B7BD76C22B453E8004BFD85 /* Frameworks */,
				9B7BD76D22B453E8004BFD85 /* CopyFiles */,
				9B7BD77A22B454D4004BFD85 /* CopyFiles */,
			);
			buildRules = (
			);
			dependencies = (
			);
			name = Day14JuneReadingJsonFiles;
			productName = Day14JuneReadingJsonFiles;
			productReference = 9B7BD76F22B453E8004BFD85 /* Day14JuneReadingJsonFiles */;
			productType = "com.apple.product-type.tool";
		};
/* End PBXNativeTarget section */

/* Begin PBXProject section */
		9B7BD76722B453E8004BFD85 /* Project object */ = {
			isa = PBXProject;
			attributes = {
				LastSwiftUpdateCheck = 1020;
				LastUpgradeCheck = 1020;
				ORGANIZATIONNAME = MacStudent;
				TargetAttributes = {
					9B7BD76E22B453E8004BFD85 = {
						CreatedOnToolsVersion = 10.2.1;
					};
				};
			};
			buildConfigurationList = 9B7BD76A22B453E8004BFD85 /* Build configuration list for PBXProject "Day14JuneReadingJsonFiles" */;
			compatibilityVersion = "Xcode 9.3";
			developmentRegion = en;
			hasScannedForEncodings = 0;
			knownRegions = (
				en,
			);
			mainGroup = 9B7BD76622B453E8004BFD85;
			productRefGroup = 9B7BD77022B453E8004BFD85 /* Products */;
			projectDirPath = "";
			projectRoot = "";
			targets = (
				9B7BD76E22B453E8004BFD85 /* Day14JuneReadingJsonFiles */,
			);
		};
/* End PBXProject section */

/* Begin PBXSourcesBuildPhase section */
		9B7BD76B22B453E8004BFD85 /* Sources */ = {
			isa = PBXSourcesBuildPhase;
			buildActionMask = 2147483647;
			files = (
				9B7BD78422B45D2F004BFD85 /* User.swift in Sources */,
				9B7BD78222B45C96004BFD85 /* Address.swift in Sources */,
				9B7BD77322B453E8004BFD85 /* main.swift in Sources */,
				9B7BD78622B45E54004BFD85 /* Company.swift in Sources */,
				9B7BD78022B45C0F004BFD85 /* geo.swift in Sources */,
			);
			runOnlyForDeploymentPostprocessing = 0;
		};
/* End PBXSourcesBuildPhase section */

/* Begin XCBuildConfiguration section */
		9B7BD77422B453E8004BFD85 /* Debug */ = {
			isa = XCBuildConfiguration;
			buildSettings = {
				ALWAYS_SEARCH_USER_PATHS = NO;
				CLANG_ANALYZER_NONNULL = YES;
				CLANG_ANALYZER_NUMBER_OBJECT_CONVERSION = YES_AGGRESSIVE;
				CLANG_CXX_LANGUAGE_STANDARD = "gnu++14";
				CLANG_CXX_LIBRARY = "libc++";
				CLANG_ENABLE_MODULES = YES;
				CLANG_ENABLE_OBJC_ARC = YES;
				CLANG_ENABLE_OBJC_WEAK = YES;
				CLANG_WARN_BLOCK_CAPTURE_AUTORELEASING = YES;
				CLANG_WARN_BOOL_CONVERSION = YES;
				CLANG_WARN_COMMA = YES;
				CLANG_WARN_CONSTANT_CONVERSION = YES;
				CLANG_WARN_DEPRECATED_OBJC_IMPLEMENTATIONS = YES;
				CLANG_WARN_DIRECT_OBJC_ISA_USAGE = YES_ERROR;
				CLANG_WARN_DOCUMENTATION_COMMENTS = YES;
				CLANG_WARN_EMPTY_BODY = YES;
				CLANG_WARN_ENUM_CONVERSION = YES;
				CLANG_WARN_INFINITE_RECURSION = YES;
				CLANG_WARN_INT_CONVERSION = YES;
				CLANG_WARN_NON_LITERAL_NULL_CONVERSION = YES;
				CLANG_WARN_OBJC_IMPLICIT_RETAIN_SELF = YES;
				CLANG_WARN_OBJC_LITERAL_CONVERSION = YES;
				CLANG_WARN_OBJC_ROOT_CLASS = YES_ERROR;
				CLANG_WARN_RANGE_LOOP_ANALYSIS = YES;
				CLANG_WARN_STRICT_PROTOTYPES = YES;
				CLANG_WARN_SUSPICIOUS_MOVE = YES;
				CLANG_WARN_UNGUARDED_AVAILABILITY = YES_AGGRESSIVE;
				CLANG_WARN_UNREACHABLE_CODE = YES;
				CLANG_WARN__DUPLICATE_METHOD_MATCH = YES;
				CODE_SIGN_IDENTITY = "-";
				COPY_PHASE_STRIP = NO;
				DEBUG_INFORMATION_FORMAT = dwarf;
				ENABLE_STRICT_OBJC_MSGSEND = YES;
				ENABLE_TESTABILITY = YES;
				GCC_C_LANGUAGE_STANDARD = gnu11;
				GCC_DYNAMIC_NO_PIC = NO;
				GCC_NO_COMMON_BLOCKS = YES;
				GCC_OPTIMIZATION_LEVEL = 0;
				GCC_PREPROCESSOR_DEFINITIONS = (
					"DEBUG=1",
					"$(inherited)",
				);
				GCC_WARN_64_TO_32_BIT_CONVERSION = YES;
				GCC_WARN_ABOUT_RETURN_TYPE = YES_ERROR;
				GCC_WARN_UNDECLARED_SELECTOR = YES;
				GCC_WARN_UNINITIALIZED_AUTOS = YES_AGGRESSIVE;
				GCC_WARN_UNUSED_FUNCTION = YES;
				GCC_WARN_UNUSED_VARIABLE = YES;
				MACOSX_DEPLOYMENT_TARGET = 10.14;
				MTL_ENABLE_DEBUG_INFO = INCLUDE_SOURCE;
				MTL_FAST_MATH = YES;
				ONLY_ACTIVE_ARCH = YES;
				SDKROOT = macosx;
				SWIFT_ACTIVE_COMPILATION_CONDITIONS = DEBUG;
				SWIFT_OPTIMIZATION_LEVEL = "-Onone";
			};
			name = Debug;
		};
		9B7BD77522B453E8004BFD85 /* Release */ = {
			isa = XCBuildConfiguration;
			buildSettings = {
				ALWAYS_SEARCH_USER_PATHS = NO;
				CLANG_ANALYZER_NONNULL = YES;
				CLANG_ANALYZER_NUMBER_OBJECT_CONVERSION = YES_AGGRESSIVE;
				CLANG_CXX_LANGUAGE_STANDARD = "gnu++14";
				CLANG_CXX_LIBRARY = "libc++";
				CLANG_ENABLE_MODULES = YES;
				CLANG_ENABLE_OBJC_ARC = YES;
				CLANG_ENABLE_OBJC_WEAK = YES;
				CLANG_WARN_BLOCK_CAPTURE_AUTORELEASING = YES;
				CLANG_WARN_BOOL_CONVERSION = YES;
				CLANG_WARN_COMMA = YES;
				CLANG_WARN_CONSTANT_CONVERSION = YES;
				CLANG_WARN_DEPRECATED_OBJC_IMPLEMENTATIONS = YES;
				CLANG_WARN_DIRECT_OBJC_ISA_USAGE = YES_ERROR;
				CLANG_WARN_DOCUMENTATION_COMMENTS = YES;
				CLANG_WARN_EMPTY_BODY = YES;
				CLANG_WARN_ENUM_CONVERSION = YES;
				CLANG_WARN_INFINITE_RECURSION = YES;
				CLANG_WARN_INT_CONVERSION = YES;
				CLANG_WARN_NON_LITERAL_NULL_CONVERSION = YES;
				CLANG_WARN_OBJC_IMPLICIT_RETAIN_SELF = YES;
				CLANG_WARN_OBJC_LITERAL_CONVERSION = YES;
				CLANG_WARN_OBJC_ROOT_CLASS = YES_ERROR;
				CLANG_WARN_RANGE_LOOP_ANALYSIS = YES;
				CLANG_WARN_STRICT_PROTOTYPES = YES;
				CLANG_WARN_SUSPICIOUS_MOVE = YES;
				CLANG_WARN_UNGUARDED_AVAILABILITY = YES_AGGRESSIVE;
				CLANG_WARN_UNREACHABLE_CODE = YES;
				CLANG_WARN__DUPLICATE_METHOD_MATCH = YES;
				CODE_SIGN_IDENTITY = "-";
				COPY_PHASE_STRIP = NO;
				DEBUG_INFORMATION_FORMAT = "dwarf-with-dsym";
				ENABLE_NS_ASSERTIONS = NO;
				ENABLE_STRICT_OBJC_MSGSEND = YES;
				GCC_C_LANGUAGE_STANDARD = gnu11;
				GCC_NO_COMMON_BLOCKS = YES;
				GCC_WARN_64_TO_32_BIT_CONVERSION = YES;
				GCC_WARN_ABOUT_RETURN_TYPE = YES_ERROR;
				GCC_WARN_UNDECLARED_SELECTOR = YES;
				GCC_WARN_UNINITIALIZED_AUTOS = YES_AGGRESSIVE;
				GCC_WARN_UNUSED_FUNCTION = YES;
				GCC_WARN_UNUSED_VARIABLE = YES;
				MACOSX_DEPLOYMENT_TARGET = 10.14;
				MTL_ENABLE_DEBUG_INFO = NO;
				MTL_FAST_MATH = YES;
				SDKROOT = macosx;
				SWIFT_COMPILATION_MODE = wholemodule;
				SWIFT_OPTIMIZATION_LEVEL = "-O";
			};
			name = Release;
		};
		9B7BD77722B453E8004BFD85 /* Debug */ = {
			isa = XCBuildConfiguration;
			buildSettings = {
				CODE_SIGN_STYLE = Automatic;
				PRODUCT_NAME = "$(TARGET_NAME)";
				SWIFT_VERSION = 5.0;
			};
			name = Debug;
		};
		9B7BD77822B453E8004BFD85 /* Release */ = {
			isa = XCBuildConfiguration;
			buildSettings = {
				CODE_SIGN_STYLE = Automatic;
				PRODUCT_NAME = "$(TARGET_NAME)";
				SWIFT_VERSION = 5.0;
			};
			name = Release;
		};
/* End XCBuildConfiguration section */

/* Begin XCConfigurationList section */
		9B7BD76A22B453E8004BFD85 /* Build configuration list for PBXProject "Day14JuneReadingJsonFiles" */ = {
			isa = XCConfigurationList;
			buildConfigurations = (
				9B7BD77422B453E8004BFD85 /* Debug */,
				9B7BD77522B453E8004BFD85 /* Release */,
			);
			defaultConfigurationIsVisible = 0;
			defaultConfigurationName = Release;
		};
		9B7BD77622B453E8004BFD85 /* Build configuration list for PBXNativeTarget "Day14JuneReadingJsonFiles" */ = {
			isa = XCConfigurationList;
			buildConfigurations = (
				9B7BD77722B453E8004BFD85 /* Debug */,
				9B7BD77822B453E8004BFD85 /* Release */,
			);
			defaultConfigurationIsVisible = 0;
			defaultConfigurationName = Release;
		};
/* End XCConfigurationList section */
	};
	rootObject = 9B7BD76722B453E8004BFD85 /* Project object */;
}
